
Microsoft Visual Studio Solution File, Format Version 12.00
Project("{FAE04EC0-301F-11D3-BF4B-00C04F79EFBC}") = "Message-Backend", "Message-Backend\Message-Backend.csproj", "{A2CB5CC5-02CC-48F3-B289-9ECF53EDFE26}"
EndProject
Global
	GlobalSection(SolutionConfigurationPlatforms) = preSolution
		Debug|Any CPU = Debug|Any CPU
		Release|Any CPU = Release|Any CPU
	EndGlobalSection
	GlobalSection(ProjectConfigurationPlatforms) = postSolution
		{A2CB5CC5-02CC-48F3-B289-9ECF53EDFE26}.Debug|Any CPU.ActiveCfg = Debug|Any CPU
		{A2CB5CC5-02CC-48F3-B289-9ECF53EDFE26}.Debug|Any CPU.Build.0 = Debug|Any CPU
		{A2CB5CC5-02CC-48F3-B289-9ECF53EDFE26}.Release|Any CPU.ActiveCfg = Release|Any CPU
		{A2CB5CC5-02CC-48F3-B289-9ECF53EDFE26}.Release|Any CPU.Build.0 = Release|Any CPU
	EndGlobalSection
EndGlobal
